<?xml version="1.0" encoding="utf-8"?>
<Project ToolsVersion="4.0" xmlns="http://schemas.microsoft.com/developer/msbuild/2003">
  <ItemGroup>
    <Filter Include="Global to all extensions">
      <UniqueIdentifier>{F41E2BF2-C1C0-4843-82AC-26362B3E35A7}</UniqueIdentifier>
    </Filter>
    <Filter Include="Global to all extensions\Edif">
      <UniqueIdentifier>{0F38DB25-5BDB-481C-8A44-300FE0488CC9}</UniqueIdentifier>
    </Filter>
    <Filter Include="Global to all extensions\Edif\JSON">
      <UniqueIdentifier>{13376346-C14A-4386-8647-16ABFD279FA3}</UniqueIdentifier>
    </Filter>
    <Filter Include="Header Files">
      <UniqueIdentifier>{1B76AC18-24F7-4D47-9BA8-360D4199B709}</UniqueIdentifier>
    </Filter>
    <Filter Include="Source Files">
      <UniqueIdentifier>{CD9FC53E-F5B8-44BA-A5B3-CA2AD45DD071}</UniqueIdentifier>
    </Filter>
  </ItemGroup>
  <ItemGroup>
    <ClInclude Include="$(MSBuildThisFileDirectory)Common.hpp">
      <Filter>Header Files</Filter>
    </ClInclude>
    <ClInclude Include="$(MSBuildThisFileDirectory)Extension.hpp">
      <Filter>Header Files</Filter>
    </ClInclude>
    <ClInclude Include="$(MSBuildThisFileDirectory)Resource.h">
      <Filter>Header Files</Filter>
    </ClInclude>
    <ClInclude Include="$(MSBuildThisFileDirectory)duktape/duktape.h">
      <Filter>Header Files</Filter>
    </ClInclude>
    <ClInclude Include="$(MSBuildThisFileDirectory)..\Inc\Shared\DarkEdif.hpp">
      <Filter>Global to all extensions\Edif</Filter>
    </ClInclude>
    <ClInclude Include="$(MSBuildThisFileDirectory)..\Inc\Shared\Edif.hpp">
      <Filter>Global to all extensions\Edif</Filter>
    </ClInclude>
    <ClInclude Include="$(MSBuildThisFileDirectory)..\Inc\Shared\AllPlatformDefines.hpp">
      <Filter>Global to all extensions\Edif</Filter>
    </ClInclude>
    <ClInclude Include="$(MSBuildThisFileDirectory)..\Inc\Shared\NonWindowsDefines.hpp">
      <Filter>Global to all extensions\Edif</Filter>
    </ClInclude>
    <ClInclude Include="$(MSBuildThisFileDirectory)..\Inc\Shared\Strings.hpp">
      <Filter>Global to all extensions\Edif</Filter>
    </ClInclude>
    <ClInclude Include="$(MSBuildThisFileDirectory)..\Inc\Shared\json.hpp">
      <Filter>Global to all extensions\Edif\JSON</Filter>
    </ClInclude>
    <ClInclude Include="$(MSBuildThisFileDirectory)..\Inc\Shared\ObjectSelection.hpp">
      <Filter>Global to all extensions</Filter>
    </ClInclude>
  </ItemGroup>
  <ItemGroup>
    <ClCompile Include="$(MSBuildThisFileDirectory)Actions.cpp">
      <Filter>Source Files</Filter>
    </ClCompile>
    <ClCompile Include="$(MSBuildThisFileDirectory)Conditions.cpp">
      <Filter>Source Files</Filter>
    </ClCompile>
    <ClCompile Include="$(MSBuildThisFileDirectory)Expressions.cpp">
      <Filter>Source Files</Filter>
    </ClCompile>
    <ClCompile Include="$(MSBuildThisFileDirectory)Extension.cpp">
      <Filter>Source Files</Filter>
    </ClCompile>
    <ClCompile Include="$(MSBuildThisFileDirectory)duktape/duktape.c">
      <Filter>Source Files</Filter>
    </ClCompile>
    <ClCompile Include="$(MSBuildThisFileDirectory)..\Lib\Shared\DarkEdif.cpp">
      <Filter>Global to all extensions\Edif</Filter>
    </ClCompile>
    <ClCompile Include="$(MSBuildThisFileDirectory)..\Lib\Shared\Edif.cpp">
      <Filter>Global to all extensions\Edif</Filter>
    </ClCompile>
    <ClCompile Include="$(MSBuildThisFileDirectory)..\Lib\Shared\Edif.General.cpp">
      <Filter>Global to all extensions\Edif</Filter>
    </ClCompile>
    <ClCompile Include="$(MSBuildThisFileDirectory)..\Lib\Shared\Edif.Runtime.cpp">
      <Filter>Global to all extensions\Edif</Filter>
    </ClCompile>
    <ClCompile Include="$(MSBuildThisFileDirectory)..\Lib\Shared\ObjectSelection.cpp">
      <Filter>Global to all extensions</Filter>
    </ClCompile>
    <ClCompile Include="$(MSBuildThisFileDirectory)..\Lib\Shared\json.cpp">
      <Filter>Global to all extensions\Edif\JSON</Filter>
    </ClCompile>
  </ItemGroup>
</Project>
